dependencies:
- name: artifactory-ha
  repository: https://charts.jfrog.io/
  version: 2.4.5
- name: xray
  repository: https://charts.jfrog.io/
  version: 3.3.0
- name: distribution
  repository: https://charts.jfrog.io/
  version: 5.1.1
- name: mission-control
  repository: https://charts.jfrog.io/
  version: 3.1.1
- name: pipelines
  repository: https://charts.jfrog.io/
  version: 1.0.36
digest: sha256:30465b32203307b89d6a62383422c9aeef5952443b81a259a12772f2e7e5ec81
generated: "2020-04-28T11:03:40.008689-07:00"
