dependencies:
- name: artifactory-ha
  repository: https://charts.jfrog.io/
  version: 2.4.0
- name: xray
  repository: https://charts.jfrog.io/
  version: 3.2.2
- name: distribution
  repository: https://charts.jfrog.io/
  version: 5.1.1
- name: mission-control
  repository: https://charts.jfrog.io/
  version: 3.1.1
- name: pipelines
  repository: https://charts.jfrog.io/
  version: 1.0.36
digest: sha256:79be8bd091aa0bb83089330d7847f82fa0e5ffed7c47dc347d8c9754a0c88808
generated: "2020-04-15T12:55:30.958317-07:00"
